
Microsoft Visual Studio Solution File, Format Version 12.00
# Visual Studio Version 16
VisualStudioVersion = 16.0.31129.286
MinimumVisualStudioVersion = 10.0.40219.1
Project("{FAE04EC0-301F-11D3-BF4B-00C04F79EFBC}") = "XFBugItemsViewController.iOS", "XFBugItemsViewController.iOS\XFBugItemsViewController.iOS.csproj", "{9C88AECD-7AE9-4417-B9B9-3E78231E9063}"
EndProject
Project("{9A19103F-16F7-4668-BE54-9A1E7A4F7556}") = "XFBugItemsViewController", "XFBugItemsViewController\XFBugItemsViewController.csproj", "{81B195C2-964F-4BC1-AED1-27505A375329}"
EndProject
Global
	GlobalSection(SolutionConfigurationPlatforms) = preSolution
		Debug|Any CPU = Debug|Any CPU
		Debug|iPhone = Debug|iPhone
		Debug|iPhoneSimulator = Debug|iPhoneSimulator
		Release|Any CPU = Release|Any CPU
		Release|iPhone = Release|iPhone
		Release|iPhoneSimulator = Release|iPhoneSimulator
	EndGlobalSection
	GlobalSection(ProjectConfigurationPlatforms) = postSolution
		{9C88AECD-7AE9-4417-B9B9-3E78231E9063}.Debug|Any CPU.ActiveCfg = Debug|iPhone
		{9C88AECD-7AE9-4417-B9B9-3E78231E9063}.Debug|Any CPU.Build.0 = Debug|iPhone
		{9C88AECD-7AE9-4417-B9B9-3E78231E9063}.Debug|Any CPU.Deploy.0 = Debug|iPhone
		{9C88AECD-7AE9-4417-B9B9-3E78231E9063}.Debug|iPhone.ActiveCfg = Debug|iPhone
		{9C88AECD-7AE9-4417-B9B9-3E78231E9063}.Debug|iPhone.Build.0 = Debug|iPhone
		{9C88AECD-7AE9-4417-B9B9-3E78231E9063}.Debug|iPhone.Deploy.0 = Debug|iPhone
		{9C88AECD-7AE9-4417-B9B9-3E78231E9063}.Debug|iPhoneSimulator.ActiveCfg = Debug|iPhoneSimulator
		{9C88AECD-7AE9-4417-B9B9-3E78231E9063}.Debug|iPhoneSimulator.Build.0 = Debug|iPhoneSimulator
		{9C88AECD-7AE9-4417-B9B9-3E78231E9063}.Debug|iPhoneSimulator.Deploy.0 = Debug|iPhoneSimulator
		{9C88AECD-7AE9-4417-B9B9-3E78231E9063}.Release|Any CPU.ActiveCfg = Release|iPhoneSimulator
		{9C88AECD-7AE9-4417-B9B9-3E78231E9063}.Release|Any CPU.Build.0 = Release|iPhoneSimulator
		{9C88AECD-7AE9-4417-B9B9-3E78231E9063}.Release|Any CPU.Deploy.0 = Release|iPhoneSimulator
		{9C88AECD-7AE9-4417-B9B9-3E78231E9063}.Release|iPhone.ActiveCfg = Release|iPhone
		{9C88AECD-7AE9-4417-B9B9-3E78231E9063}.Release|iPhone.Build.0 = Release|iPhone
		{9C88AECD-7AE9-4417-B9B9-3E78231E9063}.Release|iPhone.Deploy.0 = Release|iPhone
		{9C88AECD-7AE9-4417-B9B9-3E78231E9063}.Release|iPhoneSimulator.ActiveCfg = Release|iPhoneSimulator
		{9C88AECD-7AE9-4417-B9B9-3E78231E9063}.Release|iPhoneSimulator.Build.0 = Release|iPhoneSimulator
		{9C88AECD-7AE9-4417-B9B9-3E78231E9063}.Release|iPhoneSimulator.Deploy.0 = Release|iPhoneSimulator
		{81B195C2-964F-4BC1-AED1-27505A375329}.Debug|Any CPU.ActiveCfg = Debug|Any CPU
		{81B195C2-964F-4BC1-AED1-27505A375329}.Debug|Any CPU.Build.0 = Debug|Any CPU
		{81B195C2-964F-4BC1-AED1-27505A375329}.Debug|Any CPU.Deploy.0 = Debug|Any CPU
		{81B195C2-964F-4BC1-AED1-27505A375329}.Debug|iPhone.ActiveCfg = Debug|Any CPU
		{81B195C2-964F-4BC1-AED1-27505A375329}.Debug|iPhone.Build.0 = Debug|Any CPU
		{81B195C2-964F-4BC1-AED1-27505A375329}.Debug|iPhone.Deploy.0 = Debug|Any CPU
		{81B195C2-964F-4BC1-AED1-27505A375329}.Debug|iPhoneSimulator.ActiveCfg = Debug|Any CPU
		{81B195C2-964F-4BC1-AED1-27505A375329}.Debug|iPhoneSimulator.Build.0 = Debug|Any CPU
		{81B195C2-964F-4BC1-AED1-27505A375329}.Debug|iPhoneSimulator.Deploy.0 = Debug|Any CPU
		{81B195C2-964F-4BC1-AED1-27505A375329}.Release|Any CPU.ActiveCfg = Release|Any CPU
		{81B195C2-964F-4BC1-AED1-27505A375329}.Release|Any CPU.Build.0 = Release|Any CPU
		{81B195C2-964F-4BC1-AED1-27505A375329}.Release|Any CPU.Deploy.0 = Release|Any CPU
		{81B195C2-964F-4BC1-AED1-27505A375329}.Release|iPhone.ActiveCfg = Release|Any CPU
		{81B195C2-964F-4BC1-AED1-27505A375329}.Release|iPhone.Build.0 = Release|Any CPU
		{81B195C2-964F-4BC1-AED1-27505A375329}.Release|iPhone.Deploy.0 = Release|Any CPU
		{81B195C2-964F-4BC1-AED1-27505A375329}.Release|iPhoneSimulator.ActiveCfg = Release|Any CPU
		{81B195C2-964F-4BC1-AED1-27505A375329}.Release|iPhoneSimulator.Build.0 = Release|Any CPU
		{81B195C2-964F-4BC1-AED1-27505A375329}.Release|iPhoneSimulator.Deploy.0 = Release|Any CPU
	EndGlobalSection
	GlobalSection(SolutionProperties) = preSolution
		HideSolutionNode = FALSE
	EndGlobalSection
	GlobalSection(ExtensibilityGlobals) = postSolution
		SolutionGuid = {F9A3A043-342B-45BF-8B21-DB44EBDD0100}
	EndGlobalSection
EndGlobal
